
Microsoft Visual Studio Solution File, Format Version 12.00
# Visual Studio Version 17
VisualStudioVersion = 17.9.34622.214
MinimumVisualStudioVersion = 10.0.40219.1
Project("{9A19103F-16F7-4668-BE54-9A1E7A4F7556}") = "OnlineStore", "OnlineStore\OnlineStore.csproj", "{0B390621-BB60-4ED2-A186-9AE0F50EA05B}"
EndProject
Project("{9A19103F-16F7-4668-BE54-9A1E7A4F7556}") = "OnlineStore.Models", "OnlineStore.Models\OnlineStore.Models.csproj", "{6312CAB8-5811-40DD-BAE4-918495333F73}"
EndProject
Project("{9A19103F-16F7-4668-BE54-9A1E7A4F7556}") = "OnlineStore.DataAccess", "OnlineStore.DataAccess\OnlineStore.DataAccess.csproj", "{C6036830-F376-41D3-B954-E3DA18A02F71}"
EndProject
Project("{9A19103F-16F7-4668-BE54-9A1E7A4F7556}") = "OnlineStore.Utility", "OnlineStore.Utility\OnlineStore.Utility.csproj", "{29C2A9CF-6E03-4A9C-AAAF-0DC764F1A524}"
EndProject
Project("{2150E333-8FDC-42A3-9474-1A3956D46DE8}") = "Элементы решения", "Элементы решения", "{E9A36938-9A98-486E-BD82-D58231578E73}"
	ProjectSection(SolutionItems) = preProject
		Readme.md = Readme.md
	EndProjectSection
EndProject
Global
	GlobalSection(SolutionConfigurationPlatforms) = preSolution
		Debug|Any CPU = Debug|Any CPU
		Release|Any CPU = Release|Any CPU
	EndGlobalSection
	GlobalSection(ProjectConfigurationPlatforms) = postSolution
		{0B390621-BB60-4ED2-A186-9AE0F50EA05B}.Debug|Any CPU.ActiveCfg = Debug|Any CPU
		{0B390621-BB60-4ED2-A186-9AE0F50EA05B}.Debug|Any CPU.Build.0 = Debug|Any CPU
		{0B390621-BB60-4ED2-A186-9AE0F50EA05B}.Release|Any CPU.ActiveCfg = Release|Any CPU
		{0B390621-BB60-4ED2-A186-9AE0F50EA05B}.Release|Any CPU.Build.0 = Release|Any CPU
		{6312CAB8-5811-40DD-BAE4-918495333F73}.Debug|Any CPU.ActiveCfg = Debug|Any CPU
		{6312CAB8-5811-40DD-BAE4-918495333F73}.Debug|Any CPU.Build.0 = Debug|Any CPU
		{6312CAB8-5811-40DD-BAE4-918495333F73}.Release|Any CPU.ActiveCfg = Release|Any CPU
		{6312CAB8-5811-40DD-BAE4-918495333F73}.Release|Any CPU.Build.0 = Release|Any CPU
		{C6036830-F376-41D3-B954-E3DA18A02F71}.Debug|Any CPU.ActiveCfg = Debug|Any CPU
		{C6036830-F376-41D3-B954-E3DA18A02F71}.Debug|Any CPU.Build.0 = Debug|Any CPU
		{C6036830-F376-41D3-B954-E3DA18A02F71}.Release|Any CPU.ActiveCfg = Release|Any CPU
		{C6036830-F376-41D3-B954-E3DA18A02F71}.Release|Any CPU.Build.0 = Release|Any CPU
		{29C2A9CF-6E03-4A9C-AAAF-0DC764F1A524}.Debug|Any CPU.ActiveCfg = Debug|Any CPU
		{29C2A9CF-6E03-4A9C-AAAF-0DC764F1A524}.Debug|Any CPU.Build.0 = Debug|Any CPU
		{29C2A9CF-6E03-4A9C-AAAF-0DC764F1A524}.Release|Any CPU.ActiveCfg = Release|Any CPU
		{29C2A9CF-6E03-4A9C-AAAF-0DC764F1A524}.Release|Any CPU.Build.0 = Release|Any CPU
	EndGlobalSection
	GlobalSection(SolutionProperties) = preSolution
		HideSolutionNode = FALSE
	EndGlobalSection
	GlobalSection(ExtensibilityGlobals) = postSolution
		SolutionGuid = {8C2F6CE1-E169-46B5-B270-7A17D15326BF}
	EndGlobalSection
EndGlobal
